# THIS IS AN AUTOGENERATED FILE. DO NOT EDIT THIS FILE DIRECTLY.
# yarn lockfile v1


vue-currency-input@^1.22.6:
  version "1.22.6"
  resolved "https://registry.yarnpkg.com/vue-currency-input/-/vue-currency-input-1.22.6.tgz#1fed0dabb8a46a5537daca9371942f3d4f3a08fc"
  integrity sha512-BUq8aysiZ1pdRyyWyIgxYz4+PBQwgVeAqxNr8ZOGaudA8YqEv2S5Plze0LjI/pbinX4+ma1sIIzStXZPxMy0/Q==
