# THIS IS AN AUTOGENERATED FILE. DO NOT EDIT THIS FILE DIRECTLY.
# yarn lockfile v1


vue-currency-input@^2.0.0-rc.4:
  version "2.0.0-rc.4"
  resolved "https://registry.yarnpkg.com/vue-currency-input/-/vue-currency-input-2.0.0-rc.4.tgz#7db1005a22e51ec23f470a807b236bc862e3a7a0"
  integrity sha512-EldR0zXGLIaSQYRgNNkwHrYj7B5Tru3nqTetRsZnH1zV3AgGZKRCrbw8JTu1D/4naLwTVZyCCQFVJgKuelTNyg==
  dependencies:
    vue-demi "^0.7.4"

vue-demi@^0.7.4:
  version "0.7.5"
  resolved "https://registry.yarnpkg.com/vue-demi/-/vue-demi-0.7.5.tgz#88dee7492fc99a0f911ff03fc02c658fa2a79af8"
  integrity sha512-eFSQSvbQdY7C9ujOzvM6tn7XxwLjn0VQDXQsiYBLBwf28Na+2nTQR4BBBcomhmdP6mmHlBKAwarq6a0BPG87hQ==
